
Microsoft Visual Studio Solution File, Format Version 12.00
# Visual Studio Version 16
VisualStudioVersion = 16.0.31129.286
MinimumVisualStudioVersion = 10.0.40219.1
Project("{FAE04EC0-301F-11D3-BF4B-00C04F79EFBC}") = "Cc.Api", "Cc.Api\Cc.Api.csproj", "{11B1F751-16A8-4E50-8E4E-C45377EF49A8}"
EndProject
Project("{FAE04EC0-301F-11D3-BF4B-00C04F79EFBC}") = "Cc.Asp", "Cc.Asp\Cc.Asp.csproj", "{861A33FE-727C-4AC9-B58E-36E7AF256651}"
EndProject
Project("{FAE04EC0-301F-11D3-BF4B-00C04F79EFBC}") = "Cc.Xamarin.Android", "Cc.Xamarin\Cc.Xamarin.Android\Cc.Xamarin.Android.csproj", "{0E4527AC-612B-4B69-A23B-80AA252A98B7}"
EndProject
Project("{FAE04EC0-301F-11D3-BF4B-00C04F79EFBC}") = "Cc.Xamarin.iOS", "Cc.Xamarin\Cc.Xamarin.iOS\Cc.Xamarin.iOS.csproj", "{32B3AB6C-1D1C-4B00-B1C0-AEE9C254928F}"
EndProject
Project("{FAE04EC0-301F-11D3-BF4B-00C04F79EFBC}") = "Cc.Xamarin", "Cc.Xamarin\Cc.Xamarin\Cc.Xamarin.csproj", "{659272EB-BD02-4AB6-BC7E-290439A4D354}"
EndProject
Global
	GlobalSection(SolutionConfigurationPlatforms) = preSolution
		Debug|Any CPU = Debug|Any CPU
		Debug|iPhone = Debug|iPhone
		Debug|iPhoneSimulator = Debug|iPhoneSimulator
		Release|Any CPU = Release|Any CPU
		Release|iPhone = Release|iPhone
		Release|iPhoneSimulator = Release|iPhoneSimulator
	EndGlobalSection
	GlobalSection(ProjectConfigurationPlatforms) = postSolution
		{11B1F751-16A8-4E50-8E4E-C45377EF49A8}.Debug|Any CPU.ActiveCfg = Debug|Any CPU
		{11B1F751-16A8-4E50-8E4E-C45377EF49A8}.Debug|Any CPU.Build.0 = Debug|Any CPU
		{11B1F751-16A8-4E50-8E4E-C45377EF49A8}.Debug|iPhone.ActiveCfg = Debug|Any CPU
		{11B1F751-16A8-4E50-8E4E-C45377EF49A8}.Debug|iPhone.Build.0 = Debug|Any CPU
		{11B1F751-16A8-4E50-8E4E-C45377EF49A8}.Debug|iPhoneSimulator.ActiveCfg = Debug|Any CPU
		{11B1F751-16A8-4E50-8E4E-C45377EF49A8}.Debug|iPhoneSimulator.Build.0 = Debug|Any CPU
		{11B1F751-16A8-4E50-8E4E-C45377EF49A8}.Release|Any CPU.ActiveCfg = Release|Any CPU
		{11B1F751-16A8-4E50-8E4E-C45377EF49A8}.Release|Any CPU.Build.0 = Release|Any CPU
		{11B1F751-16A8-4E50-8E4E-C45377EF49A8}.Release|iPhone.ActiveCfg = Release|Any CPU
		{11B1F751-16A8-4E50-8E4E-C45377EF49A8}.Release|iPhone.Build.0 = Release|Any CPU
		{11B1F751-16A8-4E50-8E4E-C45377EF49A8}.Release|iPhoneSimulator.ActiveCfg = Release|Any CPU
		{11B1F751-16A8-4E50-8E4E-C45377EF49A8}.Release|iPhoneSimulator.Build.0 = Release|Any CPU
		{861A33FE-727C-4AC9-B58E-36E7AF256651}.Debug|Any CPU.ActiveCfg = Debug|Any CPU
		{861A33FE-727C-4AC9-B58E-36E7AF256651}.Debug|Any CPU.Build.0 = Debug|Any CPU
		{861A33FE-727C-4AC9-B58E-36E7AF256651}.Debug|iPhone.ActiveCfg = Debug|Any CPU
		{861A33FE-727C-4AC9-B58E-36E7AF256651}.Debug|iPhone.Build.0 = Debug|Any CPU
		{861A33FE-727C-4AC9-B58E-36E7AF256651}.Debug|iPhoneSimulator.ActiveCfg = Debug|Any CPU
		{861A33FE-727C-4AC9-B58E-36E7AF256651}.Debug|iPhoneSimulator.Build.0 = Debug|Any CPU
		{861A33FE-727C-4AC9-B58E-36E7AF256651}.Release|Any CPU.ActiveCfg = Release|Any CPU
		{861A33FE-727C-4AC9-B58E-36E7AF256651}.Release|Any CPU.Build.0 = Release|Any CPU
		{861A33FE-727C-4AC9-B58E-36E7AF256651}.Release|iPhone.ActiveCfg = Release|Any CPU
		{861A33FE-727C-4AC9-B58E-36E7AF256651}.Release|iPhone.Build.0 = Release|Any CPU
		{861A33FE-727C-4AC9-B58E-36E7AF256651}.Release|iPhoneSimulator.ActiveCfg = Release|Any CPU
		{861A33FE-727C-4AC9-B58E-36E7AF256651}.Release|iPhoneSimulator.Build.0 = Release|Any CPU
		{0E4527AC-612B-4B69-A23B-80AA252A98B7}.Debug|Any CPU.ActiveCfg = Debug|Any CPU
		{0E4527AC-612B-4B69-A23B-80AA252A98B7}.Debug|Any CPU.Build.0 = Debug|Any CPU
		{0E4527AC-612B-4B69-A23B-80AA252A98B7}.Debug|Any CPU.Deploy.0 = Debug|Any CPU
		{0E4527AC-612B-4B69-A23B-80AA252A98B7}.Debug|iPhone.ActiveCfg = Debug|Any CPU
		{0E4527AC-612B-4B69-A23B-80AA252A98B7}.Debug|iPhone.Build.0 = Debug|Any CPU
		{0E4527AC-612B-4B69-A23B-80AA252A98B7}.Debug|iPhone.Deploy.0 = Debug|Any CPU
		{0E4527AC-612B-4B69-A23B-80AA252A98B7}.Debug|iPhoneSimulator.ActiveCfg = Debug|Any CPU
		{0E4527AC-612B-4B69-A23B-80AA252A98B7}.Debug|iPhoneSimulator.Build.0 = Debug|Any CPU
		{0E4527AC-612B-4B69-A23B-80AA252A98B7}.Debug|iPhoneSimulator.Deploy.0 = Debug|Any CPU
		{0E4527AC-612B-4B69-A23B-80AA252A98B7}.Release|Any CPU.ActiveCfg = Release|Any CPU
		{0E4527AC-612B-4B69-A23B-80AA252A98B7}.Release|Any CPU.Build.0 = Release|Any CPU
		{0E4527AC-612B-4B69-A23B-80AA252A98B7}.Release|Any CPU.Deploy.0 = Release|Any CPU
		{0E4527AC-612B-4B69-A23B-80AA252A98B7}.Release|iPhone.ActiveCfg = Release|Any CPU
		{0E4527AC-612B-4B69-A23B-80AA252A98B7}.Release|iPhone.Build.0 = Release|Any CPU
		{0E4527AC-612B-4B69-A23B-80AA252A98B7}.Release|iPhone.Deploy.0 = Release|Any CPU
		{0E4527AC-612B-4B69-A23B-80AA252A98B7}.Release|iPhoneSimulator.ActiveCfg = Release|Any CPU
		{0E4527AC-612B-4B69-A23B-80AA252A98B7}.Release|iPhoneSimulator.Build.0 = Release|Any CPU
		{0E4527AC-612B-4B69-A23B-80AA252A98B7}.Release|iPhoneSimulator.Deploy.0 = Release|Any CPU
		{32B3AB6C-1D1C-4B00-B1C0-AEE9C254928F}.Debug|Any CPU.ActiveCfg = Debug|iPhoneSimulator
		{32B3AB6C-1D1C-4B00-B1C0-AEE9C254928F}.Debug|iPhone.ActiveCfg = Debug|iPhone
		{32B3AB6C-1D1C-4B00-B1C0-AEE9C254928F}.Debug|iPhone.Build.0 = Debug|iPhone
		{32B3AB6C-1D1C-4B00-B1C0-AEE9C254928F}.Debug|iPhoneSimulator.ActiveCfg = Debug|iPhoneSimulator
		{32B3AB6C-1D1C-4B00-B1C0-AEE9C254928F}.Debug|iPhoneSimulator.Build.0 = Debug|iPhoneSimulator
		{32B3AB6C-1D1C-4B00-B1C0-AEE9C254928F}.Release|Any CPU.ActiveCfg = Release|iPhoneSimulator
		{32B3AB6C-1D1C-4B00-B1C0-AEE9C254928F}.Release|iPhone.ActiveCfg = Release|iPhone
		{32B3AB6C-1D1C-4B00-B1C0-AEE9C254928F}.Release|iPhone.Build.0 = Release|iPhone
		{32B3AB6C-1D1C-4B00-B1C0-AEE9C254928F}.Release|iPhoneSimulator.ActiveCfg = Release|iPhoneSimulator
		{32B3AB6C-1D1C-4B00-B1C0-AEE9C254928F}.Release|iPhoneSimulator.Build.0 = Release|iPhoneSimulator
		{659272EB-BD02-4AB6-BC7E-290439A4D354}.Debug|Any CPU.ActiveCfg = Debug|Any CPU
		{659272EB-BD02-4AB6-BC7E-290439A4D354}.Debug|Any CPU.Build.0 = Debug|Any CPU
		{659272EB-BD02-4AB6-BC7E-290439A4D354}.Debug|iPhone.ActiveCfg = Debug|Any CPU
		{659272EB-BD02-4AB6-BC7E-290439A4D354}.Debug|iPhone.Build.0 = Debug|Any CPU
		{659272EB-BD02-4AB6-BC7E-290439A4D354}.Debug|iPhoneSimulator.ActiveCfg = Debug|Any CPU
		{659272EB-BD02-4AB6-BC7E-290439A4D354}.Debug|iPhoneSimulator.Build.0 = Debug|Any CPU
		{659272EB-BD02-4AB6-BC7E-290439A4D354}.Release|Any CPU.ActiveCfg = Release|Any CPU
		{659272EB-BD02-4AB6-BC7E-290439A4D354}.Release|Any CPU.Build.0 = Release|Any CPU
		{659272EB-BD02-4AB6-BC7E-290439A4D354}.Release|iPhone.ActiveCfg = Release|Any CPU
		{659272EB-BD02-4AB6-BC7E-290439A4D354}.Release|iPhone.Build.0 = Release|Any CPU
		{659272EB-BD02-4AB6-BC7E-290439A4D354}.Release|iPhoneSimulator.ActiveCfg = Release|Any CPU
		{659272EB-BD02-4AB6-BC7E-290439A4D354}.Release|iPhoneSimulator.Build.0 = Release|Any CPU
	EndGlobalSection
	GlobalSection(SolutionProperties) = preSolution
		HideSolutionNode = FALSE
	EndGlobalSection
	GlobalSection(ExtensibilityGlobals) = postSolution
		SolutionGuid = {38E3574B-F87A-48DF-A152-D63F54CAABC0}
	EndGlobalSection
EndGlobal
